
Microsoft Visual Studio Solution File, Format Version 12.00
Project("{FAE04EC0-301F-11D3-BF4B-00C04F79EFBC}") = "FinalPaper.Api", "FinalPaper.Api\FinalPaper.Api.csproj", "{22D14B60-457D-455D-B995-A65441F313D5}"
EndProject
Project("{FAE04EC0-301F-11D3-BF4B-00C04F79EFBC}") = "FinalPaper.Migration", "FinalPaper.Migration\FinalPaper.Migration.csproj", "{C85365B1-DF36-4515-8F5B-0DB3D486F19F}"
EndProject
Project("{FAE04EC0-301F-11D3-BF4B-00C04F79EFBC}") = "FinalPaper.Command", "FinalPaper.Command\FinalPaper.Command.csproj", "{648F71FA-1851-427C-83CC-3577E8EDFA90}"
EndProject
Project("{FAE04EC0-301F-11D3-BF4B-00C04F79EFBC}") = "FinalPaper.Domain", "FinalPaper.Domain\FinalPaper.Domain.csproj", "{E45C4B90-2E80-4763-8FF4-121225B53FA5}"
EndProject
Project("{FAE04EC0-301F-11D3-BF4B-00C04F79EFBC}") = "FinalPaper.Infrastructure", "FinalPaper.Infrastructure\FinalPaper.Infrastructure.csproj", "{E476FD25-0A51-4EF5-B211-AF75D1886545}"
EndProject
Global
	GlobalSection(SolutionConfigurationPlatforms) = preSolution
		Debug|Any CPU = Debug|Any CPU
		Release|Any CPU = Release|Any CPU
	EndGlobalSection
	GlobalSection(ProjectConfigurationPlatforms) = postSolution
		{22D14B60-457D-455D-B995-A65441F313D5}.Debug|Any CPU.ActiveCfg = Debug|Any CPU
		{22D14B60-457D-455D-B995-A65441F313D5}.Debug|Any CPU.Build.0 = Debug|Any CPU
		{22D14B60-457D-455D-B995-A65441F313D5}.Release|Any CPU.ActiveCfg = Release|Any CPU
		{22D14B60-457D-455D-B995-A65441F313D5}.Release|Any CPU.Build.0 = Release|Any CPU
		{C85365B1-DF36-4515-8F5B-0DB3D486F19F}.Debug|Any CPU.ActiveCfg = Debug|Any CPU
		{C85365B1-DF36-4515-8F5B-0DB3D486F19F}.Debug|Any CPU.Build.0 = Debug|Any CPU
		{C85365B1-DF36-4515-8F5B-0DB3D486F19F}.Release|Any CPU.ActiveCfg = Release|Any CPU
		{C85365B1-DF36-4515-8F5B-0DB3D486F19F}.Release|Any CPU.Build.0 = Release|Any CPU
		{648F71FA-1851-427C-83CC-3577E8EDFA90}.Debug|Any CPU.ActiveCfg = Debug|Any CPU
		{648F71FA-1851-427C-83CC-3577E8EDFA90}.Debug|Any CPU.Build.0 = Debug|Any CPU
		{648F71FA-1851-427C-83CC-3577E8EDFA90}.Release|Any CPU.ActiveCfg = Release|Any CPU
		{648F71FA-1851-427C-83CC-3577E8EDFA90}.Release|Any CPU.Build.0 = Release|Any CPU
		{E45C4B90-2E80-4763-8FF4-121225B53FA5}.Debug|Any CPU.ActiveCfg = Debug|Any CPU
		{E45C4B90-2E80-4763-8FF4-121225B53FA5}.Debug|Any CPU.Build.0 = Debug|Any CPU
		{E45C4B90-2E80-4763-8FF4-121225B53FA5}.Release|Any CPU.ActiveCfg = Release|Any CPU
		{E45C4B90-2E80-4763-8FF4-121225B53FA5}.Release|Any CPU.Build.0 = Release|Any CPU
		{E476FD25-0A51-4EF5-B211-AF75D1886545}.Debug|Any CPU.ActiveCfg = Debug|Any CPU
		{E476FD25-0A51-4EF5-B211-AF75D1886545}.Debug|Any CPU.Build.0 = Debug|Any CPU
		{E476FD25-0A51-4EF5-B211-AF75D1886545}.Release|Any CPU.ActiveCfg = Release|Any CPU
		{E476FD25-0A51-4EF5-B211-AF75D1886545}.Release|Any CPU.Build.0 = Release|Any CPU
	EndGlobalSection
EndGlobal
